// !$*UTF8*$!
{
	archiveVersion = 1;
	classes = {
	};
	objectVersion = 56;
	objects = {

/* Begin PBXBuildFile section */
		A5E8D99B2BD244030099CD0D /* RealityKitContent in Frameworks */ = {isa = PBXBuildFile; productRef = A5E8D99A2BD244030099CD0D /* RealityKitContent */; };
		A5E8D99D2BD244030099CD0D /* MetaPowerPower3DApp.swift in Sources */ = {isa = PBXBuildFile; fileRef = A5E8D99C2BD244030099CD0D /* MetaPowerPower3DApp.swift */; };
		A5E8D99F2BD244030099CD0D /* ContentView.swift in Sources */ = {isa = PBXBuildFile; fileRef = A5E8D99E2BD244030099CD0D /* ContentView.swift */; };
		A5E8D9A12BD244030099CD0D /* ImmersiveView.swift in Sources */ = {isa = PBXBuildFile; fileRef = A5E8D9A02BD244030099CD0D /* ImmersiveView.swift */; };
		A5E8D9A32BD244030099CD0D /* ImageBasedLighting.skybox in Resources */ = {isa = PBXBuildFile; fileRef = A5E8D9A22BD244030099CD0D /* ImageBasedLighting.skybox */; };
		A5E8D9A52BD244040099CD0D /* Assets.xcassets in Resources */ = {isa = PBXBuildFile; fileRef = A5E8D9A42BD244040099CD0D /* Assets.xcassets */; };
		A5E8D9A82BD244040099CD0D /* Preview Assets.xcassets in Resources */ = {isa = PBXBuildFile; fileRef = A5E8D9A72BD244040099CD0D /* Preview Assets.xcassets */; };
/* End PBXBuildFile section */

/* Begin PBXFileReference section */
		A5E8D9952BD244030099CD0D /* MetaPowerPower3D.app */ = {isa = PBXFileReference; explicitFileType = wrapper.application; includeInIndex = 0; path = MetaPowerPower3D.app; sourceTree = BUILT_PRODUCTS_DIR; };
		A5E8D9992BD244030099CD0D /* RealityKitContent */ = {isa = PBXFileReference; lastKnownFileType = wrapper; path = RealityKitContent; sourceTree = "<group>"; };
		A5E8D99C2BD244030099CD0D /* MetaPowerPower3DApp.swift */ = {isa = PBXFileReference; lastKnownFileType = sourcecode.swift; path = MetaPowerPower3DApp.swift; sourceTree = "<group>"; };
		A5E8D99E2BD244030099CD0D /* ContentView.swift */ = {isa = PBXFileReference; lastKnownFileType = sourcecode.swift; path = ContentView.swift; sourceTree = "<group>"; };
		A5E8D9A02BD244030099CD0D /* ImmersiveView.swift */ = {isa = PBXFileReference; lastKnownFileType = sourcecode.swift; path = ImmersiveView.swift; sourceTree = "<group>"; };
		A5E8D9A22BD244030099CD0D /* ImageBasedLighting.skybox */ = {isa = PBXFileReference; lastKnownFileType = file.skybox; path = ImageBasedLighting.skybox; sourceTree = "<group>"; };
		A5E8D9A42BD244040099CD0D /* Assets.xcassets */ = {isa = PBXFileReference; lastKnownFileType = folder.assetcatalog; path = Assets.xcassets; sourceTree = "<group>"; };
		A5E8D9A72BD244040099CD0D /* Preview Assets.xcassets */ = {isa = PBXFileReference; lastKnownFileType = folder.assetcatalog; path = "Preview Assets.xcassets"; sourceTree = "<group>"; };
		A5E8D9A92BD244040099CD0D /* Info.plist */ = {isa = PBXFileReference; lastKnownFileType = text.plist.xml; path = Info.plist; sourceTree = "<group>"; };
/* End PBXFileReference section */

/* Begin PBXFrameworksBuildPhase section */
		A5E8D9922BD244030099CD0D /* Frameworks */ = {
			isa = PBXFrameworksBuildPhase;
			buildActionMask = 2147483647;
			files = (
				A5E8D99B2BD244030099CD0D /* RealityKitContent in Frameworks */,
			);
			runOnlyForDeploymentPostprocessing = 0;
		};
/* End PBXFrameworksBuildPhase section */

/* Begin PBXGroup section */
		A5E8D98C2BD244030099CD0D = {
			isa = PBXGroup;
			children = (
				A5E8D9972BD244030099CD0D /* MetaPowerPower3D */,
				A5E8D9982BD244030099CD0D /* Packages */,
				A5E8D9962BD244030099CD0D /* Products */,
			);
			sourceTree = "<group>";
		};
		A5E8D9962BD244030099CD0D /* Products */ = {
			isa = PBXGroup;
			children = (
				A5E8D9952BD244030099CD0D /* MetaPowerPower3D.app */,
			);
			name = Products;
			sourceTree = "<group>";
		};
		A5E8D9972BD244030099CD0D /* MetaPowerPower3D */ = {
			isa = PBXGroup;
			children = (
				A5E8D99C2BD244030099CD0D /* MetaPowerPower3DApp.swift */,
				A5E8D99E2BD244030099CD0D /* ContentView.swift */,
				A5E8D9A02BD244030099CD0D /* ImmersiveView.swift */,
				A5E8D9A22BD244030099CD0D /* ImageBasedLighting.skybox */,
				A5E8D9A42BD244040099CD0D /* Assets.xcassets */,
				A5E8D9A92BD244040099CD0D /* Info.plist */,
				A5E8D9A62BD244040099CD0D /* Preview Content */,
			);
			path = MetaPowerPower3D;
			sourceTree = "<group>";
		};
		A5E8D9982BD244030099CD0D /* Packages */ = {
			isa = PBXGroup;
			children = (
				A5E8D9992BD244030099CD0D /* RealityKitContent */,
			);
			path = Packages;
			sourceTree = "<group>";
		};
		A5E8D9A62BD244040099CD0D /* Preview Content */ = {
			isa = PBXGroup;
			children = (
				A5E8D9A72BD244040099CD0D /* Preview Assets.xcassets */,
			);
			path = "Preview Content";
			sourceTree = "<group>";
		};
/* End PBXGroup section */

/* Begin PBXNativeTarget section */
		A5E8D9942BD244030099CD0D /* MetaPowerPower3D */ = {
			isa = PBXNativeTarget;
			buildConfigurationList = A5E8D9AC2BD244040099CD0D /* Build configuration list for PBXNativeTarget "MetaPowerPower3D" */;
			buildPhases = (
				A5E8D9912BD244030099CD0D /* Sources */,
				A5E8D9922BD244030099CD0D /* Frameworks */,
				A5E8D9932BD244030099CD0D /* Resources */,
			);
			buildRules = (
			);
			dependencies = (
			);
			name = MetaPowerPower3D;
			packageProductDependencies = (
				A5E8D99A2BD244030099CD0D /* RealityKitContent */,
			);
			productName = MetaPowerPower3D;
			productReference = A5E8D9952BD244030099CD0D /* MetaPowerPower3D.app */;
			productType = "com.apple.product-type.application";
		};
/* End PBXNativeTarget section */

/* Begin PBXProject section */
		A5E8D98D2BD244030099CD0D /* Project object */ = {
			isa = PBXProject;
			attributes = {
				BuildIndependentTargetsInParallel = 1;
				LastSwiftUpdateCheck = 1530;
				LastUpgradeCheck = 1530;
				TargetAttributes = {
					A5E8D9942BD244030099CD0D = {
						CreatedOnToolsVersion = 15.3;
					};
				};
			};
			buildConfigurationList = A5E8D9902BD244030099CD0D /* Build configuration list for PBXProject "MetaPowerPower3D" */;
			compatibilityVersion = "Xcode 14.0";
			developmentRegion = en;
			hasScannedForEncodings = 0;
			knownRegions = (
				en,
				Base,
			);
			mainGroup = A5E8D98C2BD244030099CD0D;
			productRefGroup = A5E8D9962BD244030099CD0D /* Products */;
			projectDirPath = "";
			projectRoot = "";
			targets = (
				A5E8D9942BD244030099CD0D /* MetaPowerPower3D */,
			);
		};
/* End PBXProject section */

/* Begin PBXResourcesBuildPhase section */
		A5E8D9932BD244030099CD0D /* Resources */ = {
			isa = PBXResourcesBuildPhase;
			buildActionMask = 2147483647;
			files = (
				A5E8D9A52BD244040099CD0D /* Assets.xcassets in Resources */,
				A5E8D9A82BD244040099CD0D /* Preview Assets.xcassets in Resources */,
				A5E8D9A32BD244030099CD0D /* ImageBasedLighting.skybox in Resources */,
			);
			runOnlyForDeploymentPostprocessing = 0;
		};
/* End PBXResourcesBuildPhase section */

/* Begin PBXSourcesBuildPhase section */
		A5E8D9912BD244030099CD0D /* Sources */ = {
			isa = PBXSourcesBuildPhase;
			buildActionMask = 2147483647;
			files = (
				A5E8D99F2BD244030099CD0D /* ContentView.swift in Sources */,
				A5E8D99D2BD244030099CD0D /* MetaPowerPower3DApp.swift in Sources */,
				A5E8D9A12BD244030099CD0D /* ImmersiveView.swift in Sources */,
			);
			runOnlyForDeploymentPostprocessing = 0;
		};
/* End PBXSourcesBuildPhase section */

/* Begin XCBuildConfiguration section */
		A5E8D9AA2BD244040099CD0D /* Debug */ = {
			isa = XCBuildConfiguration;
			buildSettings = {
				ALWAYS_SEARCH_USER_PATHS = NO;
				ASSETCATALOG_COMPILER_GENERATE_SWIFT_ASSET_SYMBOL_EXTENSIONS = YES;
				CLANG_ANALYZER_NONNULL = YES;
				CLANG_ANALYZER_NUMBER_OBJECT_CONVERSION = YES_AGGRESSIVE;
				CLANG_CXX_LANGUAGE_STANDARD = "gnu++20";
				CLANG_ENABLE_MODULES = YES;
				CLANG_ENABLE_OBJC_ARC = YES;
				CLANG_ENABLE_OBJC_WEAK = YES;
				CLANG_WARN_BLOCK_CAPTURE_AUTORELEASING = YES;
				CLANG_WARN_BOOL_CONVERSION = YES;
				CLANG_WARN_COMMA = YES;
				CLANG_WARN_CONSTANT_CONVERSION = YES;
				CLANG_WARN_DEPRECATED_OBJC_IMPLEMENTATIONS = YES;
				CLANG_WARN_DIRECT_OBJC_ISA_USAGE = YES_ERROR;
				CLANG_WARN_DOCUMENTATION_COMMENTS = YES;
				CLANG_WARN_EMPTY_BODY = YES;
				CLANG_WARN_ENUM_CONVERSION = YES;
				CLANG_WARN_INFINITE_RECURSION = YES;
				CLANG_WARN_INT_CONVERSION = YES;
				CLANG_WARN_NON_LITERAL_NULL_CONVERSION = YES;
				CLANG_WARN_OBJC_IMPLICIT_RETAIN_SELF = YES;
				CLANG_WARN_OBJC_LITERAL_CONVERSION = YES;
				CLANG_WARN_OBJC_ROOT_CLASS = YES_ERROR;
				CLANG_WARN_QUOTED_INCLUDE_IN_FRAMEWORK_HEADER = YES;
				CLANG_WARN_RANGE_LOOP_ANALYSIS = YES;
				CLANG_WARN_STRICT_PROTOTYPES = YES;
				CLANG_WARN_SUSPICIOUS_MOVE = YES;
				CLANG_WARN_UNGUARDED_AVAILABILITY = YES_AGGRESSIVE;
				CLANG_WARN_UNREACHABLE_CODE = YES;
				CLANG_WARN__DUPLICATE_METHOD_MATCH = YES;
				COPY_PHASE_STRIP = NO;
				DEBUG_INFORMATION_FORMAT = dwarf;
				ENABLE_STRICT_OBJC_MSGSEND = YES;
				ENABLE_TESTABILITY = YES;
				ENABLE_USER_SCRIPT_SANDBOXING = YES;
				GCC_C_LANGUAGE_STANDARD = gnu17;
				GCC_DYNAMIC_NO_PIC = NO;
				GCC_NO_COMMON_BLOCKS = YES;
				GCC_OPTIMIZATION_LEVEL = 0;
				GCC_PREPROCESSOR_DEFINITIONS = (
					"DEBUG=1",
					"$(inherited)",
				);
				GCC_WARN_64_TO_32_BIT_CONVERSION = YES;
				GCC_WARN_ABOUT_RETURN_TYPE = YES_ERROR;
				GCC_WARN_UNDECLARED_SELECTOR = YES;
				GCC_WARN_UNINITIALIZED_AUTOS = YES_AGGRESSIVE;
				GCC_WARN_UNUSED_FUNCTION = YES;
				GCC_WARN_UNUSED_VARIABLE = YES;
				LOCALIZATION_PREFERS_STRING_CATALOGS = YES;
				MTL_ENABLE_DEBUG_INFO = INCLUDE_SOURCE;
				MTL_FAST_MATH = YES;
				ONLY_ACTIVE_ARCH = YES;
				SDKROOT = xros;
				SWIFT_ACTIVE_COMPILATION_CONDITIONS = "DEBUG $(inherited)";
				SWIFT_OPTIMIZATION_LEVEL = "-Onone";
				XROS_DEPLOYMENT_TARGET = 1.1;
			};
			name = Debug;
		};
		A5E8D9AB2BD244040099CD0D /* Release */ = {
			isa = XCBuildConfiguration;
			buildSettings = {
				ALWAYS_SEARCH_USER_PATHS = NO;
				ASSETCATALOG_COMPILER_GENERATE_SWIFT_ASSET_SYMBOL_EXTENSIONS = YES;
				CLANG_ANALYZER_NONNULL = YES;
				CLANG_ANALYZER_NUMBER_OBJECT_CONVERSION = YES_AGGRESSIVE;
				CLANG_CXX_LANGUAGE_STANDARD = "gnu++20";
				CLANG_ENABLE_MODULES = YES;
				CLANG_ENABLE_OBJC_ARC = YES;
				CLANG_ENABLE_OBJC_WEAK = YES;
				CLANG_WARN_BLOCK_CAPTURE_AUTORELEASING = YES;
				CLANG_WARN_BOOL_CONVERSION = YES;
				CLANG_WARN_COMMA = YES;
				CLANG_WARN_CONSTANT_CONVERSION = YES;
				CLANG_WARN_DEPRECATED_OBJC_IMPLEMENTATIONS = YES;
				CLANG_WARN_DIRECT_OBJC_ISA_USAGE = YES_ERROR;
				CLANG_WARN_DOCUMENTATION_COMMENTS = YES;
				CLANG_WARN_EMPTY_BODY = YES;
				CLANG_WARN_ENUM_CONVERSION = YES;
				CLANG_WARN_INFINITE_RECURSION = YES;
				CLANG_WARN_INT_CONVERSION = YES;
				CLANG_WARN_NON_LITERAL_NULL_CONVERSION = YES;
				CLANG_WARN_OBJC_IMPLICIT_RETAIN_SELF = YES;
				CLANG_WARN_OBJC_LITERAL_CONVERSION = YES;
				CLANG_WARN_OBJC_ROOT_CLASS = YES_ERROR;
				CLANG_WARN_QUOTED_INCLUDE_IN_FRAMEWORK_HEADER = YES;
				CLANG_WARN_RANGE_LOOP_ANALYSIS = YES;
				CLANG_WARN_STRICT_PROTOTYPES = YES;
				CLANG_WARN_SUSPICIOUS_MOVE = YES;
				CLANG_WARN_UNGUARDED_AVAILABILITY = YES_AGGRESSIVE;
				CLANG_WARN_UNREACHABLE_CODE = YES;
				CLANG_WARN__DUPLICATE_METHOD_MATCH = YES;
				COPY_PHASE_STRIP = NO;
				DEBUG_INFORMATION_FORMAT = "dwarf-with-dsym";
				ENABLE_NS_ASSERTIONS = NO;
				ENABLE_STRICT_OBJC_MSGSEND = YES;
				ENABLE_USER_SCRIPT_SANDBOXING = YES;
				GCC_C_LANGUAGE_STANDARD = gnu17;
				GCC_NO_COMMON_BLOCKS = YES;
				GCC_WARN_64_TO_32_BIT_CONVERSION = YES;
				GCC_WARN_ABOUT_RETURN_TYPE = YES_ERROR;
				GCC_WARN_UNDECLARED_SELECTOR = YES;
				GCC_WARN_UNINITIALIZED_AUTOS = YES_AGGRESSIVE;
				GCC_WARN_UNUSED_FUNCTION = YES;
				GCC_WARN_UNUSED_VARIABLE = YES;
				LOCALIZATION_PREFERS_STRING_CATALOGS = YES;
				MTL_ENABLE_DEBUG_INFO = NO;
				MTL_FAST_MATH = YES;
				SDKROOT = xros;
				SWIFT_COMPILATION_MODE = wholemodule;
				VALIDATE_PRODUCT = YES;
				XROS_DEPLOYMENT_TARGET = 1.1;
			};
			name = Release;
		};
		A5E8D9AD2BD244040099CD0D /* Debug */ = {
			isa = XCBuildConfiguration;
			buildSettings = {
				ASSETCATALOG_COMPILER_APPICON_NAME = AppIcon;
				ASSETCATALOG_COMPILER_GLOBAL_ACCENT_COLOR_NAME = AccentColor;
				CODE_SIGN_STYLE = Automatic;
				CURRENT_PROJECT_VERSION = 1;
				DEVELOPMENT_ASSET_PATHS = "\"MetaPowerPower3D/Preview Content\"";
				DEVELOPMENT_TEAM = 2SRZAT77ZR;
				ENABLE_PREVIEWS = YES;
				GENERATE_INFOPLIST_FILE = YES;
				INFOPLIST_FILE = "$(TARGET_NAME)/Info.plist";
				LD_RUNPATH_SEARCH_PATHS = (
					"$(inherited)",
					"@executable_path/Frameworks",
				);
				MARKETING_VERSION = 1.0;
				PRODUCT_BUNDLE_IDENTIFIER = com.metapowermatrix.pato.MetaPowerPower3D;
				PRODUCT_NAME = "$(TARGET_NAME)";
				SUPPORTED_PLATFORMS = "xros xrsimulator";
				SWIFT_EMIT_LOC_STRINGS = YES;
				SWIFT_VERSION = 5.0;
				TARGETED_DEVICE_FAMILY = "1,2,7";
			};
			name = Debug;
		};
		A5E8D9AE2BD244040099CD0D /* Release */ = {
			isa = XCBuildConfiguration;
			buildSettings = {
				ASSETCATALOG_COMPILER_APPICON_NAME = AppIcon;
				ASSETCATALOG_COMPILER_GLOBAL_ACCENT_COLOR_NAME = AccentColor;
				CODE_SIGN_STYLE = Automatic;
				CURRENT_PROJECT_VERSION = 1;
				DEVELOPMENT_ASSET_PATHS = "\"MetaPowerPower3D/Preview Content\"";
				DEVELOPMENT_TEAM = 2SRZAT77ZR;
				ENABLE_PREVIEWS = YES;
				GENERATE_INFOPLIST_FILE = YES;
				INFOPLIST_FILE = "$(TARGET_NAME)/Info.plist";
				LD_RUNPATH_SEARCH_PATHS = (
					"$(inherited)",
					"@executable_path/Frameworks",
				);
				MARKETING_VERSION = 1.0;
				PRODUCT_BUNDLE_IDENTIFIER = com.metapowermatrix.pato.MetaPowerPower3D;
				PRODUCT_NAME = "$(TARGET_NAME)";
				SUPPORTED_PLATFORMS = "xros xrsimulator";
				SWIFT_EMIT_LOC_STRINGS = YES;
				SWIFT_VERSION = 5.0;
				TARGETED_DEVICE_FAMILY = "1,2,7";
			};
			name = Release;
		};
/* End XCBuildConfiguration section */

/* Begin XCConfigurationList section */
		A5E8D9902BD244030099CD0D /* Build configuration list for PBXProject "MetaPowerPower3D" */ = {
			isa = XCConfigurationList;
			buildConfigurations = (
				A5E8D9AA2BD244040099CD0D /* Debug */,
				A5E8D9AB2BD244040099CD0D /* Release */,
			);
			defaultConfigurationIsVisible = 0;
			defaultConfigurationName = Release;
		};
		A5E8D9AC2BD244040099CD0D /* Build configuration list for PBXNativeTarget "MetaPowerPower3D" */ = {
			isa = XCConfigurationList;
			buildConfigurations = (
				A5E8D9AD2BD244040099CD0D /* Debug */,
				A5E8D9AE2BD244040099CD0D /* Release */,
			);
			defaultConfigurationIsVisible = 0;
			defaultConfigurationName = Release;
		};
/* End XCConfigurationList section */

/* Begin XCSwiftPackageProductDependency section */
		A5E8D99A2BD244030099CD0D /* RealityKitContent */ = {
			isa = XCSwiftPackageProductDependency;
			productName = RealityKitContent;
		};
/* End XCSwiftPackageProductDependency section */
	};
	rootObject = A5E8D98D2BD244030099CD0D /* Project object */;
}
